
Microsoft Visual Studio Solution File, Format Version 12.00
# Visual Studio 2015
Project("{FAE04EC0-301F-11D3-BF4B-00C04F79EFBC}") = "In the Shadows.CSharp", "In the Shadows.CSharp.csproj", "{490DA183-7A77-7902-634E-0F7673C13BEC}"
EndProject
Global
	GlobalSection(SolutionConfigurationPlatforms) = preSolution
		Debug|Any CPU = Debug|Any CPU
		Release|Any CPU = Release|Any CPU
	EndGlobalSection
	GlobalSection(ProjectConfigurationPlatforms) = postSolution
		{490DA183-7A77-7902-634E-0F7673C13BEC}.Debug|Any CPU.ActiveCfg = Debug|Any CPU
		{490DA183-7A77-7902-634E-0F7673C13BEC}.Debug|Any CPU.Build.0 = Debug|Any CPU
		{490DA183-7A77-7902-634E-0F7673C13BEC}.Release|Any CPU.ActiveCfg = Release|Any CPU
		{490DA183-7A77-7902-634E-0F7673C13BEC}.Release|Any CPU.Build.0 = Release|Any CPU
	EndGlobalSection
	GlobalSection(SolutionProperties) = preSolution
		HideSolutionNode = FALSE
	EndGlobalSection
EndGlobal
